
Microsoft Visual Studio Solution File, Format Version 12.00
# Visual Studio Version 16
VisualStudioVersion = 16.0.30907.101
MinimumVisualStudioVersion = 10.0.40219.1
Project("{FAE04EC0-301F-11D3-BF4B-00C04F79EFBC}") = "SalesMVC", "SalesMVC\SalesMVC.csproj", "{B8ABD0EE-DC01-43DE-9E07-12A3F5032206}"
EndProject
Global
	GlobalSection(SolutionConfigurationPlatforms) = preSolution
		Debug|Any CPU = Debug|Any CPU
		Release|Any CPU = Release|Any CPU
	EndGlobalSection
	GlobalSection(ProjectConfigurationPlatforms) = postSolution
		{B8ABD0EE-DC01-43DE-9E07-12A3F5032206}.Debug|Any CPU.ActiveCfg = Debug|Any CPU
		{B8ABD0EE-DC01-43DE-9E07-12A3F5032206}.Debug|Any CPU.Build.0 = Debug|Any CPU
		{B8ABD0EE-DC01-43DE-9E07-12A3F5032206}.Release|Any CPU.ActiveCfg = Release|Any CPU
		{B8ABD0EE-DC01-43DE-9E07-12A3F5032206}.Release|Any CPU.Build.0 = Release|Any CPU
	EndGlobalSection
	GlobalSection(SolutionProperties) = preSolution
		HideSolutionNode = FALSE
	EndGlobalSection
	GlobalSection(ExtensibilityGlobals) = postSolution
		SolutionGuid = {3101593C-24DC-4B59-A874-BB2A8A6C72C1}
	EndGlobalSection
EndGlobal
